
Microsoft Visual Studio Solution File, Format Version 12.00
# Visual Studio Version 17
VisualStudioVersion = 17.7.34202.233
MinimumVisualStudioVersion = 10.0.40219.1
Project("{FAE04EC0-301F-11D3-BF4B-00C04F79EFBC}") = "EducationPlatform", "EducationPlatform\EducationPlatform.csproj", "{CE22B0AF-B665-4A0F-A2C8-EBF084439725}"
EndProject
Global
	GlobalSection(SolutionConfigurationPlatforms) = preSolution
		Debug|Any CPU = Debug|Any CPU
		Release|Any CPU = Release|Any CPU
	EndGlobalSection
	GlobalSection(ProjectConfigurationPlatforms) = postSolution
		{CE22B0AF-B665-4A0F-A2C8-EBF084439725}.Debug|Any CPU.ActiveCfg = Debug|Any CPU
		{CE22B0AF-B665-4A0F-A2C8-EBF084439725}.Debug|Any CPU.Build.0 = Debug|Any CPU
		{CE22B0AF-B665-4A0F-A2C8-EBF084439725}.Release|Any CPU.ActiveCfg = Release|Any CPU
		{CE22B0AF-B665-4A0F-A2C8-EBF084439725}.Release|Any CPU.Build.0 = Release|Any CPU
	EndGlobalSection
	GlobalSection(SolutionProperties) = preSolution
		HideSolutionNode = FALSE
	EndGlobalSection
	GlobalSection(ExtensibilityGlobals) = postSolution
		SolutionGuid = {7939554C-110B-470A-8069-8D9E34A187DE}
	EndGlobalSection
EndGlobal
